
Microsoft Visual Studio Solution File, Format Version 12.00
# Visual Studio Version 16
VisualStudioVersion = 16.0.31129.286
MinimumVisualStudioVersion = 10.0.40219.1
Project("{159641D6-6404-4A2A-AE62-294DE0FE8301}") = "IMT577", "IMT577\IMT577.dtproj", "{8BC1DF34-64B6-4ADF-9264-EC0684782010}"
EndProject
Global
	GlobalSection(SolutionConfigurationPlatforms) = preSolution
		Development|Default = Development|Default
	EndGlobalSection
	GlobalSection(ProjectConfigurationPlatforms) = postSolution
		{8BC1DF34-64B6-4ADF-9264-EC0684782010}.Development|Default.ActiveCfg = Development
		{8BC1DF34-64B6-4ADF-9264-EC0684782010}.Development|Default.Build.0 = Development
	EndGlobalSection
	GlobalSection(SolutionProperties) = preSolution
		HideSolutionNode = FALSE
	EndGlobalSection
	GlobalSection(ExtensibilityGlobals) = postSolution
		SolutionGuid = {1A36A88D-24B5-4D99-948D-9CAD93A47ADE}
	EndGlobalSection
EndGlobal
